
Microsoft Visual Studio Solution File, Format Version 12.00
# Visual Studio Version 17
VisualStudioVersion = 17.0.31903.59
MinimumVisualStudioVersion = 10.0.40219.1
Project("{FAE04EC0-301F-11D3-BF4B-00C04F79EFBC}") = "EventMarketplace.Domain", "EventMarketplace.Domain\EventMarketplace.Domain.csproj", "{CF93DD65-E171-416B-98FA-E9CAE17803F8}"
EndProject
Project("{FAE04EC0-301F-11D3-BF4B-00C04F79EFBC}") = "EventMarketplace.Application", "EventMarketplace.Application\EventMarketplace.Application.csproj", "{F5992F7D-E788-4C9B-A789-F43AD171FDF4}"
EndProject
Project("{FAE04EC0-301F-11D3-BF4B-00C04F79EFBC}") = "EventMarketplace.Infrastructure", "EventMarketplace.Infrastructure\EventMarketplace.Infrastructure.csproj", "{849D17E1-37B5-4A2D-88BA-1BAF7962EF6C}"
EndProject
Project("{FAE04EC0-301F-11D3-BF4B-00C04F79EFBC}") = "EventMarketplace.API", "EventMarketplace.API\EventMarketplace.API.csproj", "{1D578F86-1364-4F4E-AC70-2DE9540375AD}"
EndProject
Project("{FAE04EC0-301F-11D3-BF4B-00C04F79EFBC}") = "EventMarketplace.Application.Tests", "EventMarketplace.Application.Tests\EventMarketplace.Application.Tests.csproj", "{3DA92889-9B62-404A-90C7-DED51B4443BE}"
EndProject
Project("{FAE04EC0-301F-11D3-BF4B-00C04F79EFBC}") = "EventMarketplace.API.IntegrationTests", "EventMarketplace.API.IntegrationTests\EventMarketplace.API.IntegrationTests.csproj", "{BC56A38D-6328-41A3-B20B-8F1A42BAC8B5}"
EndProject
Project("{FAE04EC0-301F-11D3-BF4B-00C04F79EFBC}") = "EventMarketplace.Web", "EventMarketplace.Web\EventMarketplace.Web.csproj", "{9E4C0859-B0CD-4E68-AE0B-C872D3EB7E55}"
EndProject
Global
	GlobalSection(SolutionConfigurationPlatforms) = preSolution
		Debug|Any CPU = Debug|Any CPU
		Debug|x64 = Debug|x64
		Debug|x86 = Debug|x86
		Release|Any CPU = Release|Any CPU
		Release|x64 = Release|x64
		Release|x86 = Release|x86
	EndGlobalSection
	GlobalSection(ProjectConfigurationPlatforms) = postSolution
		{CF93DD65-E171-416B-98FA-E9CAE17803F8}.Debug|Any CPU.ActiveCfg = Debug|Any CPU
		{CF93DD65-E171-416B-98FA-E9CAE17803F8}.Debug|Any CPU.Build.0 = Debug|Any CPU
		{CF93DD65-E171-416B-98FA-E9CAE17803F8}.Debug|x64.ActiveCfg = Debug|Any CPU
		{CF93DD65-E171-416B-98FA-E9CAE17803F8}.Debug|x64.Build.0 = Debug|Any CPU
		{CF93DD65-E171-416B-98FA-E9CAE17803F8}.Debug|x86.ActiveCfg = Debug|Any CPU
		{CF93DD65-E171-416B-98FA-E9CAE17803F8}.Debug|x86.Build.0 = Debug|Any CPU
		{CF93DD65-E171-416B-98FA-E9CAE17803F8}.Release|Any CPU.ActiveCfg = Release|Any CPU
		{CF93DD65-E171-416B-98FA-E9CAE17803F8}.Release|Any CPU.Build.0 = Release|Any CPU
		{CF93DD65-E171-416B-98FA-E9CAE17803F8}.Release|x64.ActiveCfg = Release|Any CPU
		{CF93DD65-E171-416B-98FA-E9CAE17803F8}.Release|x64.Build.0 = Release|Any CPU
		{CF93DD65-E171-416B-98FA-E9CAE17803F8}.Release|x86.ActiveCfg = Release|Any CPU
		{CF93DD65-E171-416B-98FA-E9CAE17803F8}.Release|x86.Build.0 = Release|Any CPU
		{F5992F7D-E788-4C9B-A789-F43AD171FDF4}.Debug|Any CPU.ActiveCfg = Debug|Any CPU
		{F5992F7D-E788-4C9B-A789-F43AD171FDF4}.Debug|Any CPU.Build.0 = Debug|Any CPU
		{F5992F7D-E788-4C9B-A789-F43AD171FDF4}.Debug|x64.ActiveCfg = Debug|Any CPU
		{F5992F7D-E788-4C9B-A789-F43AD171FDF4}.Debug|x64.Build.0 = Debug|Any CPU
		{F5992F7D-E788-4C9B-A789-F43AD171FDF4}.Debug|x86.ActiveCfg = Debug|Any CPU
		{F5992F7D-E788-4C9B-A789-F43AD171FDF4}.Debug|x86.Build.0 = Debug|Any CPU
		{F5992F7D-E788-4C9B-A789-F43AD171FDF4}.Release|Any CPU.ActiveCfg = Release|Any CPU
		{F5992F7D-E788-4C9B-A789-F43AD171FDF4}.Release|Any CPU.Build.0 = Release|Any CPU
		{F5992F7D-E788-4C9B-A789-F43AD171FDF4}.Release|x64.ActiveCfg = Release|Any CPU
		{F5992F7D-E788-4C9B-A789-F43AD171FDF4}.Release|x64.Build.0 = Release|Any CPU
		{F5992F7D-E788-4C9B-A789-F43AD171FDF4}.Release|x86.ActiveCfg = Release|Any CPU
		{F5992F7D-E788-4C9B-A789-F43AD171FDF4}.Release|x86.Build.0 = Release|Any CPU
		{849D17E1-37B5-4A2D-88BA-1BAF7962EF6C}.Debug|Any CPU.ActiveCfg = Debug|Any CPU
		{849D17E1-37B5-4A2D-88BA-1BAF7962EF6C}.Debug|Any CPU.Build.0 = Debug|Any CPU
		{849D17E1-37B5-4A2D-88BA-1BAF7962EF6C}.Debug|x64.ActiveCfg = Debug|Any CPU
		{849D17E1-37B5-4A2D-88BA-1BAF7962EF6C}.Debug|x64.Build.0 = Debug|Any CPU
		{849D17E1-37B5-4A2D-88BA-1BAF7962EF6C}.Debug|x86.ActiveCfg = Debug|Any CPU
		{849D17E1-37B5-4A2D-88BA-1BAF7962EF6C}.Debug|x86.Build.0 = Debug|Any CPU
		{849D17E1-37B5-4A2D-88BA-1BAF7962EF6C}.Release|Any CPU.ActiveCfg = Release|Any CPU
		{849D17E1-37B5-4A2D-88BA-1BAF7962EF6C}.Release|Any CPU.Build.0 = Release|Any CPU
		{849D17E1-37B5-4A2D-88BA-1BAF7962EF6C}.Release|x64.ActiveCfg = Release|Any CPU
		{849D17E1-37B5-4A2D-88BA-1BAF7962EF6C}.Release|x64.Build.0 = Release|Any CPU
		{849D17E1-37B5-4A2D-88BA-1BAF7962EF6C}.Release|x86.ActiveCfg = Release|Any CPU
		{849D17E1-37B5-4A2D-88BA-1BAF7962EF6C}.Release|x86.Build.0 = Release|Any CPU
		{1D578F86-1364-4F4E-AC70-2DE9540375AD}.Debug|Any CPU.ActiveCfg = Debug|Any CPU
		{1D578F86-1364-4F4E-AC70-2DE9540375AD}.Debug|Any CPU.Build.0 = Debug|Any CPU
		{1D578F86-1364-4F4E-AC70-2DE9540375AD}.Debug|x64.ActiveCfg = Debug|Any CPU
		{1D578F86-1364-4F4E-AC70-2DE9540375AD}.Debug|x64.Build.0 = Debug|Any CPU
		{1D578F86-1364-4F4E-AC70-2DE9540375AD}.Debug|x86.ActiveCfg = Debug|Any CPU
		{1D578F86-1364-4F4E-AC70-2DE9540375AD}.Debug|x86.Build.0 = Debug|Any CPU
		{1D578F86-1364-4F4E-AC70-2DE9540375AD}.Release|Any CPU.ActiveCfg = Release|Any CPU
		{1D578F86-1364-4F4E-AC70-2DE9540375AD}.Release|Any CPU.Build.0 = Release|Any CPU
		{1D578F86-1364-4F4E-AC70-2DE9540375AD}.Release|x64.ActiveCfg = Release|Any CPU
		{1D578F86-1364-4F4E-AC70-2DE9540375AD}.Release|x64.Build.0 = Release|Any CPU
		{1D578F86-1364-4F4E-AC70-2DE9540375AD}.Release|x86.ActiveCfg = Release|Any CPU
		{1D578F86-1364-4F4E-AC70-2DE9540375AD}.Release|x86.Build.0 = Release|Any CPU
		{3DA92889-9B62-404A-90C7-DED51B4443BE}.Debug|Any CPU.ActiveCfg = Debug|Any CPU
		{3DA92889-9B62-404A-90C7-DED51B4443BE}.Debug|Any CPU.Build.0 = Debug|Any CPU
		{3DA92889-9B62-404A-90C7-DED51B4443BE}.Debug|x64.ActiveCfg = Debug|Any CPU
		{3DA92889-9B62-404A-90C7-DED51B4443BE}.Debug|x64.Build.0 = Debug|Any CPU
		{3DA92889-9B62-404A-90C7-DED51B4443BE}.Debug|x86.ActiveCfg = Debug|Any CPU
		{3DA92889-9B62-404A-90C7-DED51B4443BE}.Debug|x86.Build.0 = Debug|Any CPU
		{3DA92889-9B62-404A-90C7-DED51B4443BE}.Release|Any CPU.ActiveCfg = Release|Any CPU
		{3DA92889-9B62-404A-90C7-DED51B4443BE}.Release|Any CPU.Build.0 = Release|Any CPU
		{3DA92889-9B62-404A-90C7-DED51B4443BE}.Release|x64.ActiveCfg = Release|Any CPU
		{3DA92889-9B62-404A-90C7-DED51B4443BE}.Release|x64.Build.0 = Release|Any CPU
		{3DA92889-9B62-404A-90C7-DED51B4443BE}.Release|x86.ActiveCfg = Release|Any CPU
		{3DA92889-9B62-404A-90C7-DED51B4443BE}.Release|x86.Build.0 = Release|Any CPU
		{BC56A38D-6328-41A3-B20B-8F1A42BAC8B5}.Debug|Any CPU.ActiveCfg = Debug|Any CPU
		{BC56A38D-6328-41A3-B20B-8F1A42BAC8B5}.Debug|Any CPU.Build.0 = Debug|Any CPU
		{BC56A38D-6328-41A3-B20B-8F1A42BAC8B5}.Debug|x64.ActiveCfg = Debug|Any CPU
		{BC56A38D-6328-41A3-B20B-8F1A42BAC8B5}.Debug|x64.Build.0 = Debug|Any CPU
		{BC56A38D-6328-41A3-B20B-8F1A42BAC8B5}.Debug|x86.ActiveCfg = Debug|Any CPU
		{BC56A38D-6328-41A3-B20B-8F1A42BAC8B5}.Debug|x86.Build.0 = Debug|Any CPU
		{BC56A38D-6328-41A3-B20B-8F1A42BAC8B5}.Release|Any CPU.ActiveCfg = Release|Any CPU
		{BC56A38D-6328-41A3-B20B-8F1A42BAC8B5}.Release|Any CPU.Build.0 = Release|Any CPU
		{BC56A38D-6328-41A3-B20B-8F1A42BAC8B5}.Release|x64.ActiveCfg = Release|Any CPU
		{BC56A38D-6328-41A3-B20B-8F1A42BAC8B5}.Release|x64.Build.0 = Release|Any CPU
		{BC56A38D-6328-41A3-B20B-8F1A42BAC8B5}.Release|x86.ActiveCfg = Release|Any CPU
		{BC56A38D-6328-41A3-B20B-8F1A42BAC8B5}.Release|x86.Build.0 = Release|Any CPU
		{9E4C0859-B0CD-4E68-AE0B-C872D3EB7E55}.Debug|Any CPU.ActiveCfg = Debug|Any CPU
		{9E4C0859-B0CD-4E68-AE0B-C872D3EB7E55}.Debug|Any CPU.Build.0 = Debug|Any CPU
		{9E4C0859-B0CD-4E68-AE0B-C872D3EB7E55}.Debug|x64.ActiveCfg = Debug|Any CPU
		{9E4C0859-B0CD-4E68-AE0B-C872D3EB7E55}.Debug|x64.Build.0 = Debug|Any CPU
		{9E4C0859-B0CD-4E68-AE0B-C872D3EB7E55}.Debug|x86.ActiveCfg = Debug|Any CPU
		{9E4C0859-B0CD-4E68-AE0B-C872D3EB7E55}.Debug|x86.Build.0 = Debug|Any CPU
		{9E4C0859-B0CD-4E68-AE0B-C872D3EB7E55}.Release|Any CPU.ActiveCfg = Release|Any CPU
		{9E4C0859-B0CD-4E68-AE0B-C872D3EB7E55}.Release|Any CPU.Build.0 = Release|Any CPU
		{9E4C0859-B0CD-4E68-AE0B-C872D3EB7E55}.Release|x64.ActiveCfg = Release|Any CPU
		{9E4C0859-B0CD-4E68-AE0B-C872D3EB7E55}.Release|x64.Build.0 = Release|Any CPU
		{9E4C0859-B0CD-4E68-AE0B-C872D3EB7E55}.Release|x86.ActiveCfg = Release|Any CPU
		{9E4C0859-B0CD-4E68-AE0B-C872D3EB7E55}.Release|x86.Build.0 = Release|Any CPU
	EndGlobalSection
	GlobalSection(SolutionProperties) = preSolution
		HideSolutionNode = FALSE
	EndGlobalSection
EndGlobal
